{
  "name": "booklog",
  "version": "1.0.0",
  "lockfileVersion": 3,
  "requires": true,
  "packages": {
    "": {
      "name": "booklog",
      "version": "1.0.0",
      "license": "ISC",
      "dependencies": {
        "@google/generative-ai": "^0.22.0"
      }
    },
    "node_modules/@google/generative-ai": {
      "version": "0.22.0",
      "resolved": "https://registry.npmjs.org/@google/generative-ai/-/generative-ai-0.22.0.tgz",
      "integrity": "sha512-mLR3PDWCk5O/BWNyDvFDIiwKeXQmFGZ+kJFd9m73QrUPCFREttJyVbBPTW4y9CwTbaltLMDaLDfroCrRv5Bl8Q==",
      "license": "Apache-2.0",
      "engines": {
        "node": ">=18.0.0"
      }
    }
  }
}
